
Microsoft Visual Studio Solution File, Format Version 12.00
# Visual Studio Version 16
VisualStudioVersion = 16.0.31025.218
MinimumVisualStudioVersion = 10.0.40219.1
Project("{9A19103F-16F7-4668-BE54-9A1E7A4F7556}") = "Models", "Common\Models\Models.csproj", "{F50035D0-E9F2-42C3-9083-0ECE2E61C701}"
EndProject
Project("{2150E333-8FDC-42A3-9474-1A3956D46DE8}") = "Common", "Common", "{2542FE60-AC29-4456-BDC4-BF50E2D4CC0E}"
EndProject
Project("{FAE04EC0-301F-11D3-BF4B-00C04F79EFBC}") = "Serialization", "Common\Serialization\Serialization.csproj", "{38A6A02E-8207-4912-9C7B-92F824016EE1}"
EndProject
Global
	GlobalSection(SolutionConfigurationPlatforms) = preSolution
		Debug|x64 = Debug|x64
		Debug|x64 = Debug|x64
		Release|x64 = Release|x64
		Release|x64 = Release|x64
	EndGlobalSection
	GlobalSection(ProjectConfigurationPlatforms) = postSolution
		{F50035D0-E9F2-42C3-9083-0ECE2E61C701}.Debug|x64.ActiveCfg = Debug|x64
		{F50035D0-E9F2-42C3-9083-0ECE2E61C701}.Debug|x64.ActiveCfg = Debug|x64
		{F50035D0-E9F2-42C3-9083-0ECE2E61C701}.Debug|x64.Build.0 = Debug|x64
		{F50035D0-E9F2-42C3-9083-0ECE2E61C701}.Release|x64.ActiveCfg = Release|x64
		{F50035D0-E9F2-42C3-9083-0ECE2E61C701}.Release|x64.ActiveCfg = Release|x64
		{F50035D0-E9F2-42C3-9083-0ECE2E61C701}.Release|x64.Build.0 = Release|x64
		{38A6A02E-8207-4912-9C7B-92F824016EE1}.Debug|x64.ActiveCfg = Debug|x64
		{38A6A02E-8207-4912-9C7B-92F824016EE1}.Debug|x64.Build.0 = Debug|x64
		{38A6A02E-8207-4912-9C7B-92F824016EE1}.Debug|x64.ActiveCfg = Debug|x64
		{38A6A02E-8207-4912-9C7B-92F824016EE1}.Debug|x64.Build.0 = Debug|x64
		{38A6A02E-8207-4912-9C7B-92F824016EE1}.Release|x64.ActiveCfg = Release|x64
		{38A6A02E-8207-4912-9C7B-92F824016EE1}.Release|x64.Build.0 = Release|x64
		{38A6A02E-8207-4912-9C7B-92F824016EE1}.Release|x64.ActiveCfg = Release|x64
		{38A6A02E-8207-4912-9C7B-92F824016EE1}.Release|x64.Build.0 = Release|x64
	EndGlobalSection
	GlobalSection(SolutionProperties) = preSolution
		HideSolutionNode = FALSE
	EndGlobalSection
	GlobalSection(NestedProjects) = preSolution
		{F50035D0-E9F2-42C3-9083-0ECE2E61C701} = {2542FE60-AC29-4456-BDC4-BF50E2D4CC0E}
		{38A6A02E-8207-4912-9C7B-92F824016EE1} = {2542FE60-AC29-4456-BDC4-BF50E2D4CC0E}
	EndGlobalSection
	GlobalSection(ExtensibilityGlobals) = postSolution
		SolutionGuid = {0F730371-013C-4B34-AE27-1F4FE0C94C69}
	EndGlobalSection
EndGlobal
